
Microsoft Visual Studio Solution File, Format Version 12.00
# Visual Studio Version 16
VisualStudioVersion = 16.0.30907.101
MinimumVisualStudioVersion = 10.0.40219.1
Project("{9A19103F-16F7-4668-BE54-9A1E7A4F7556}") = "uSeoToolkit.Umbraco", "uSeoToolkit.Umbraco\uSeoToolkit.Umbraco.csproj", "{A12A74F9-52BA-4A0D-840B-E3CABB7A5CB0}"
EndProject
Project("{9A19103F-16F7-4668-BE54-9A1E7A4F7556}") = "uSeoToolkit.Umbraco.Core", "uSeoToolkit.Umbraco.Core\uSeoToolkit.Umbraco.Core.csproj", "{DBC240F4-D43A-4A02-94F4-1D31DC0A008F}"
EndProject
Project("{9A19103F-16F7-4668-BE54-9A1E7A4F7556}") = "uSeoToolkit.Umbraco.SiteAudit", "uSeoToolkit.Umbraco.SiteAudit\uSeoToolkit.Umbraco.SiteAudit.csproj", "{76F603E6-2FD0-4F35-A72A-7BEEE79772FF}"
EndProject
Project("{9A19103F-16F7-4668-BE54-9A1E7A4F7556}") = "uSeoToolkit.Umbraco.SiteAudit.Core", "uSeoToolkit.Umbraco.SiteAudit.Core\uSeoToolkit.Umbraco.SiteAudit.Core.csproj", "{84E61339-2196-414A-8907-E4D4BEA19FF4}"
EndProject
Project("{9A19103F-16F7-4668-BE54-9A1E7A4F7556}") = "uSeoToolkit.Umbraco.Site", "uSeoToolkit.Umbraco.Site\uSeoToolkit.Umbraco.Site.csproj", "{A4EB9D2A-1468-4238-A235-AEC2BEECD184}"
EndProject
Project("{FAE04EC0-301F-11D3-BF4B-00C04F79EFBC}") = "uSeoToolkit.Umbraco.MetaFields.Core", "uSeoToolkit.Umbraco.MetaFields.Core\uSeoToolkit.Umbraco.MetaFields.Core.csproj", "{2892DB26-648F-47F0-955D-E6870C61C3F4}"
EndProject
Project("{FAE04EC0-301F-11D3-BF4B-00C04F79EFBC}") = "uSeoToolkit.Umbraco.MetaFields", "uSeoToolkit.Umbraco.MetaFields\uSeoToolkit.Umbraco.MetaFields.csproj", "{3085E565-CBC0-420E-B77E-D1324571A93F}"
EndProject
Global
	GlobalSection(SolutionConfigurationPlatforms) = preSolution
		Debug|Any CPU = Debug|Any CPU
		Release|Any CPU = Release|Any CPU
	EndGlobalSection
	GlobalSection(ProjectConfigurationPlatforms) = postSolution
		{A12A74F9-52BA-4A0D-840B-E3CABB7A5CB0}.Debug|Any CPU.ActiveCfg = Debug|Any CPU
		{A12A74F9-52BA-4A0D-840B-E3CABB7A5CB0}.Debug|Any CPU.Build.0 = Debug|Any CPU
		{A12A74F9-52BA-4A0D-840B-E3CABB7A5CB0}.Release|Any CPU.ActiveCfg = Release|Any CPU
		{A12A74F9-52BA-4A0D-840B-E3CABB7A5CB0}.Release|Any CPU.Build.0 = Release|Any CPU
		{DBC240F4-D43A-4A02-94F4-1D31DC0A008F}.Debug|Any CPU.ActiveCfg = Debug|Any CPU
		{DBC240F4-D43A-4A02-94F4-1D31DC0A008F}.Debug|Any CPU.Build.0 = Debug|Any CPU
		{DBC240F4-D43A-4A02-94F4-1D31DC0A008F}.Release|Any CPU.ActiveCfg = Release|Any CPU
		{DBC240F4-D43A-4A02-94F4-1D31DC0A008F}.Release|Any CPU.Build.0 = Release|Any CPU
		{76F603E6-2FD0-4F35-A72A-7BEEE79772FF}.Debug|Any CPU.ActiveCfg = Debug|Any CPU
		{76F603E6-2FD0-4F35-A72A-7BEEE79772FF}.Debug|Any CPU.Build.0 = Debug|Any CPU
		{76F603E6-2FD0-4F35-A72A-7BEEE79772FF}.Release|Any CPU.ActiveCfg = Release|Any CPU
		{76F603E6-2FD0-4F35-A72A-7BEEE79772FF}.Release|Any CPU.Build.0 = Release|Any CPU
		{84E61339-2196-414A-8907-E4D4BEA19FF4}.Debug|Any CPU.ActiveCfg = Debug|Any CPU
		{84E61339-2196-414A-8907-E4D4BEA19FF4}.Debug|Any CPU.Build.0 = Debug|Any CPU
		{84E61339-2196-414A-8907-E4D4BEA19FF4}.Release|Any CPU.ActiveCfg = Release|Any CPU
		{84E61339-2196-414A-8907-E4D4BEA19FF4}.Release|Any CPU.Build.0 = Release|Any CPU
		{A4EB9D2A-1468-4238-A235-AEC2BEECD184}.Debug|Any CPU.ActiveCfg = Debug|Any CPU
		{A4EB9D2A-1468-4238-A235-AEC2BEECD184}.Debug|Any CPU.Build.0 = Debug|Any CPU
		{A4EB9D2A-1468-4238-A235-AEC2BEECD184}.Release|Any CPU.ActiveCfg = Release|Any CPU
		{A4EB9D2A-1468-4238-A235-AEC2BEECD184}.Release|Any CPU.Build.0 = Release|Any CPU
		{2892DB26-648F-47F0-955D-E6870C61C3F4}.Debug|Any CPU.ActiveCfg = Debug|Any CPU
		{2892DB26-648F-47F0-955D-E6870C61C3F4}.Debug|Any CPU.Build.0 = Debug|Any CPU
		{2892DB26-648F-47F0-955D-E6870C61C3F4}.Release|Any CPU.ActiveCfg = Release|Any CPU
		{2892DB26-648F-47F0-955D-E6870C61C3F4}.Release|Any CPU.Build.0 = Release|Any CPU
		{3085E565-CBC0-420E-B77E-D1324571A93F}.Debug|Any CPU.ActiveCfg = Debug|Any CPU
		{3085E565-CBC0-420E-B77E-D1324571A93F}.Debug|Any CPU.Build.0 = Debug|Any CPU
		{3085E565-CBC0-420E-B77E-D1324571A93F}.Release|Any CPU.ActiveCfg = Release|Any CPU
		{3085E565-CBC0-420E-B77E-D1324571A93F}.Release|Any CPU.Build.0 = Release|Any CPU
	EndGlobalSection
	GlobalSection(SolutionProperties) = preSolution
		HideSolutionNode = FALSE
	EndGlobalSection
	GlobalSection(ExtensibilityGlobals) = postSolution
		SolutionGuid = {551ADBA5-3DFB-4300-929C-2BE0DB346636}
	EndGlobalSection
EndGlobal
